
Microsoft Visual Studio Solution File, Format Version 12.00
# Visual Studio Version 17
VisualStudioVersion = 17.3.32929.385
MinimumVisualStudioVersion = 10.0.40219.1
Project("{FAE04EC0-301F-11D3-BF4B-00C04F79EFBC}") = "TraversalCoreProje", "TraversalCoreProje\TraversalCoreProje.csproj", "{EC649724-7B04-4A79-87E3-C1BDE33ACF2E}"
EndProject
Project("{FAE04EC0-301F-11D3-BF4B-00C04F79EFBC}") = "EntityLayer", "EntityLayer\EntityLayer.csproj", "{0C6E0228-C6DF-4C2A-A2BD-EEEFEF0AD07E}"
EndProject
Project("{FAE04EC0-301F-11D3-BF4B-00C04F79EFBC}") = "DataAccessLayer", "DataAccessLayer\DataAccessLayer.csproj", "{045769A9-3EFD-47FB-8528-92AB1FBA2B12}"
EndProject
Project("{FAE04EC0-301F-11D3-BF4B-00C04F79EFBC}") = "BusinessLayer", "BusinessLayer\BusinessLayer.csproj", "{16A5BB69-476B-4CBB-9E9E-2C4B82F999F7}"
EndProject
Global
	GlobalSection(SolutionConfigurationPlatforms) = preSolution
		Debug|Any CPU = Debug|Any CPU
		Release|Any CPU = Release|Any CPU
	EndGlobalSection
	GlobalSection(ProjectConfigurationPlatforms) = postSolution
		{EC649724-7B04-4A79-87E3-C1BDE33ACF2E}.Debug|Any CPU.ActiveCfg = Debug|Any CPU
		{EC649724-7B04-4A79-87E3-C1BDE33ACF2E}.Debug|Any CPU.Build.0 = Debug|Any CPU
		{EC649724-7B04-4A79-87E3-C1BDE33ACF2E}.Release|Any CPU.ActiveCfg = Release|Any CPU
		{EC649724-7B04-4A79-87E3-C1BDE33ACF2E}.Release|Any CPU.Build.0 = Release|Any CPU
		{0C6E0228-C6DF-4C2A-A2BD-EEEFEF0AD07E}.Debug|Any CPU.ActiveCfg = Debug|Any CPU
		{0C6E0228-C6DF-4C2A-A2BD-EEEFEF0AD07E}.Debug|Any CPU.Build.0 = Debug|Any CPU
		{0C6E0228-C6DF-4C2A-A2BD-EEEFEF0AD07E}.Release|Any CPU.ActiveCfg = Release|Any CPU
		{0C6E0228-C6DF-4C2A-A2BD-EEEFEF0AD07E}.Release|Any CPU.Build.0 = Release|Any CPU
		{045769A9-3EFD-47FB-8528-92AB1FBA2B12}.Debug|Any CPU.ActiveCfg = Debug|Any CPU
		{045769A9-3EFD-47FB-8528-92AB1FBA2B12}.Debug|Any CPU.Build.0 = Debug|Any CPU
		{045769A9-3EFD-47FB-8528-92AB1FBA2B12}.Release|Any CPU.ActiveCfg = Release|Any CPU
		{045769A9-3EFD-47FB-8528-92AB1FBA2B12}.Release|Any CPU.Build.0 = Release|Any CPU
		{16A5BB69-476B-4CBB-9E9E-2C4B82F999F7}.Debug|Any CPU.ActiveCfg = Debug|Any CPU
		{16A5BB69-476B-4CBB-9E9E-2C4B82F999F7}.Debug|Any CPU.Build.0 = Debug|Any CPU
		{16A5BB69-476B-4CBB-9E9E-2C4B82F999F7}.Release|Any CPU.ActiveCfg = Release|Any CPU
		{16A5BB69-476B-4CBB-9E9E-2C4B82F999F7}.Release|Any CPU.Build.0 = Release|Any CPU
	EndGlobalSection
	GlobalSection(SolutionProperties) = preSolution
		HideSolutionNode = FALSE
	EndGlobalSection
	GlobalSection(ExtensibilityGlobals) = postSolution
		SolutionGuid = {1B33D323-1668-4633-8255-93654B83F6E4}
	EndGlobalSection
EndGlobal
